
Microsoft Visual Studio Solution File, Format Version 12.00
# Visual Studio 15
VisualStudioVersion = 15.0.26730.8
MinimumVisualStudioVersion = 10.0.40219.1
Project("{FAE04EC0-301F-11D3-BF4B-00C04F79EFBC}") = "Factorial", "Factorial\Factorial.csproj", "{3CA8D0B0-0995-4A89-A619-4E7627E7CD26}"
EndProject
Global
	GlobalSection(SolutionConfigurationPlatforms) = preSolution
		Debug|Any CPU = Debug|Any CPU
		Release|Any CPU = Release|Any CPU
	EndGlobalSection
	GlobalSection(ProjectConfigurationPlatforms) = postSolution
		{3CA8D0B0-0995-4A89-A619-4E7627E7CD26}.Debug|Any CPU.ActiveCfg = Debug|Any CPU
		{3CA8D0B0-0995-4A89-A619-4E7627E7CD26}.Debug|Any CPU.Build.0 = Debug|Any CPU
		{3CA8D0B0-0995-4A89-A619-4E7627E7CD26}.Release|Any CPU.ActiveCfg = Release|Any CPU
		{3CA8D0B0-0995-4A89-A619-4E7627E7CD26}.Release|Any CPU.Build.0 = Release|Any CPU
	EndGlobalSection
	GlobalSection(SolutionProperties) = preSolution
		HideSolutionNode = FALSE
	EndGlobalSection
	GlobalSection(ExtensibilityGlobals) = postSolution
		SolutionGuid = {DF518176-072C-4B29-B7BF-C7C16AC73136}
	EndGlobalSection
EndGlobal
